// !$*UTF8*$!
{
	archiveVersion = 1;
	classes = {
	};
	objectVersion = 56;
	objects = {

/* Begin PBXBuildFile section */
		55247DD82B8D4FCC0062662C /* AppDelegate.swift in Sources */ = {isa = PBXBuildFile; fileRef = 55247DD72B8D4FCC0062662C /* AppDelegate.swift */; };
		55247DDA2B8D4FCC0062662C /* ViewController.swift in Sources */ = {isa = PBXBuildFile; fileRef = 55247DD92B8D4FCC0062662C /* ViewController.swift */; };
		55247DDC2B8D4FCD0062662C /* Assets.xcassets in Resources */ = {isa = PBXBuildFile; fileRef = 55247DDB2B8D4FCD0062662C /* Assets.xcassets */; };
		55247DDF2B8D4FCD0062662C /* Main.storyboard in Resources */ = {isa = PBXBuildFile; fileRef = 55247DDD2B8D4FCD0062662C /* Main.storyboard */; };
		55247DEA2B8D4FCD0062662C /* FileEncryptorTests.swift in Sources */ = {isa = PBXBuildFile; fileRef = 55247DE92B8D4FCD0062662C /* FileEncryptorTests.swift */; };
		55247DF42B8D4FCD0062662C /* FileEncryptorUITests.swift in Sources */ = {isa = PBXBuildFile; fileRef = 55247DF32B8D4FCD0062662C /* FileEncryptorUITests.swift */; };
		55247DF62B8D4FCD0062662C /* FileEncryptorUITestsLaunchTests.swift in Sources */ = {isa = PBXBuildFile; fileRef = 55247DF52B8D4FCD0062662C /* FileEncryptorUITestsLaunchTests.swift */; };
/* End PBXBuildFile section */

/* Begin PBXContainerItemProxy section */
		55247DE62B8D4FCD0062662C /* PBXContainerItemProxy */ = {
			isa = PBXContainerItemProxy;
			containerPortal = 55247DCC2B8D4FCC0062662C /* Project object */;
			proxyType = 1;
			remoteGlobalIDString = 55247DD32B8D4FCC0062662C;
			remoteInfo = FileEncryptor;
		};
		55247DF02B8D4FCD0062662C /* PBXContainerItemProxy */ = {
			isa = PBXContainerItemProxy;
			containerPortal = 55247DCC2B8D4FCC0062662C /* Project object */;
			proxyType = 1;
			remoteGlobalIDString = 55247DD32B8D4FCC0062662C;
			remoteInfo = FileEncryptor;
		};
/* End PBXContainerItemProxy section */

/* Begin PBXFileReference section */
		55247DD42B8D4FCC0062662C /* FileEncryptor.app */ = {isa = PBXFileReference; explicitFileType = wrapper.application; includeInIndex = 0; path = FileEncryptor.app; sourceTree = BUILT_PRODUCTS_DIR; };
		55247DD72B8D4FCC0062662C /* AppDelegate.swift */ = {isa = PBXFileReference; lastKnownFileType = sourcecode.swift; path = AppDelegate.swift; sourceTree = "<group>"; };
		55247DD92B8D4FCC0062662C /* ViewController.swift */ = {isa = PBXFileReference; lastKnownFileType = sourcecode.swift; path = ViewController.swift; sourceTree = "<group>"; };
		55247DDB2B8D4FCD0062662C /* Assets.xcassets */ = {isa = PBXFileReference; lastKnownFileType = folder.assetcatalog; path = Assets.xcassets; sourceTree = "<group>"; };
		55247DDE2B8D4FCD0062662C /* Base */ = {isa = PBXFileReference; lastKnownFileType = file.storyboard; name = Base; path = Base.lproj/Main.storyboard; sourceTree = "<group>"; };
		55247DE02B8D4FCD0062662C /* FileEncryptor.entitlements */ = {isa = PBXFileReference; lastKnownFileType = text.plist.entitlements; path = FileEncryptor.entitlements; sourceTree = "<group>"; };
		55247DE52B8D4FCD0062662C /* FileEncryptorTests.xctest */ = {isa = PBXFileReference; explicitFileType = wrapper.cfbundle; includeInIndex = 0; path = FileEncryptorTests.xctest; sourceTree = BUILT_PRODUCTS_DIR; };
		55247DE92B8D4FCD0062662C /* FileEncryptorTests.swift */ = {isa = PBXFileReference; lastKnownFileType = sourcecode.swift; path = FileEncryptorTests.swift; sourceTree = "<group>"; };
		55247DEF2B8D4FCD0062662C /* FileEncryptorUITests.xctest */ = {isa = PBXFileReference; explicitFileType = wrapper.cfbundle; includeInIndex = 0; path = FileEncryptorUITests.xctest; sourceTree = BUILT_PRODUCTS_DIR; };
		55247DF32B8D4FCD0062662C /* FileEncryptorUITests.swift */ = {isa = PBXFileReference; lastKnownFileType = sourcecode.swift; path = FileEncryptorUITests.swift; sourceTree = "<group>"; };
		55247DF52B8D4FCD0062662C /* FileEncryptorUITestsLaunchTests.swift */ = {isa = PBXFileReference; lastKnownFileType = sourcecode.swift; path = FileEncryptorUITestsLaunchTests.swift; sourceTree = "<group>"; };
/* End PBXFileReference section */

/* Begin PBXFrameworksBuildPhase section */
		55247DD12B8D4FCC0062662C /* Frameworks */ = {
			isa = PBXFrameworksBuildPhase;
			buildActionMask = 2147483647;
			files = (
			);
			runOnlyForDeploymentPostprocessing = 0;
		};
		55247DE22B8D4FCD0062662C /* Frameworks */ = {
			isa = PBXFrameworksBuildPhase;
			buildActionMask = 2147483647;
			files = (
			);
			runOnlyForDeploymentPostprocessing = 0;
		};
		55247DEC2B8D4FCD0062662C /* Frameworks */ = {
			isa = PBXFrameworksBuildPhase;
			buildActionMask = 2147483647;
			files = (
			);
			runOnlyForDeploymentPostprocessing = 0;
		};
/* End PBXFrameworksBuildPhase section */

/* Begin PBXGroup section */
		55247DCB2B8D4FCC0062662C = {
			isa = PBXGroup;
			children = (
				55247DD62B8D4FCC0062662C /* FileEncryptor */,
				55247DE82B8D4FCD0062662C /* FileEncryptorTests */,
				55247DF22B8D4FCD0062662C /* FileEncryptorUITests */,
				55247DD52B8D4FCC0062662C /* Products */,
			);
			sourceTree = "<group>";
		};
		55247DD52B8D4FCC0062662C /* Products */ = {
			isa = PBXGroup;
			children = (
				55247DD42B8D4FCC0062662C /* FileEncryptor.app */,
				55247DE52B8D4FCD0062662C /* FileEncryptorTests.xctest */,
				55247DEF2B8D4FCD0062662C /* FileEncryptorUITests.xctest */,
			);
			name = Products;
			sourceTree = "<group>";
		};
		55247DD62B8D4FCC0062662C /* FileEncryptor */ = {
			isa = PBXGroup;
			children = (
				55247DD72B8D4FCC0062662C /* AppDelegate.swift */,
				55247DD92B8D4FCC0062662C /* ViewController.swift */,
				55247DDB2B8D4FCD0062662C /* Assets.xcassets */,
				55247DDD2B8D4FCD0062662C /* Main.storyboard */,
				55247DE02B8D4FCD0062662C /* FileEncryptor.entitlements */,
			);
			path = FileEncryptor;
			sourceTree = "<group>";
		};
		55247DE82B8D4FCD0062662C /* FileEncryptorTests */ = {
			isa = PBXGroup;
			children = (
				55247DE92B8D4FCD0062662C /* FileEncryptorTests.swift */,
			);
			path = FileEncryptorTests;
			sourceTree = "<group>";
		};
		55247DF22B8D4FCD0062662C /* FileEncryptorUITests */ = {
			isa = PBXGroup;
			children = (
				55247DF32B8D4FCD0062662C /* FileEncryptorUITests.swift */,
				55247DF52B8D4FCD0062662C /* FileEncryptorUITestsLaunchTests.swift */,
			);
			path = FileEncryptorUITests;
			sourceTree = "<group>";
		};
/* End PBXGroup section */

/* Begin PBXNativeTarget section */
		55247DD32B8D4FCC0062662C /* FileEncryptor */ = {
			isa = PBXNativeTarget;
			buildConfigurationList = 55247DF92B8D4FCD0062662C /* Build configuration list for PBXNativeTarget "FileEncryptor" */;
			buildPhases = (
				55247DD02B8D4FCC0062662C /* Sources */,
				55247DD12B8D4FCC0062662C /* Frameworks */,
				55247DD22B8D4FCC0062662C /* Resources */,
			);
			buildRules = (
			);
			dependencies = (
			);
			name = FileEncryptor;
			productName = FileEncryptor;
			productReference = 55247DD42B8D4FCC0062662C /* FileEncryptor.app */;
			productType = "com.apple.product-type.application";
		};
		55247DE42B8D4FCD0062662C /* FileEncryptorTests */ = {
			isa = PBXNativeTarget;
			buildConfigurationList = 55247DFC2B8D4FCD0062662C /* Build configuration list for PBXNativeTarget "FileEncryptorTests" */;
			buildPhases = (
				55247DE12B8D4FCD0062662C /* Sources */,
				55247DE22B8D4FCD0062662C /* Frameworks */,
				55247DE32B8D4FCD0062662C /* Resources */,
			);
			buildRules = (
			);
			dependencies = (
				55247DE72B8D4FCD0062662C /* PBXTargetDependency */,
			);
			name = FileEncryptorTests;
			productName = FileEncryptorTests;
			productReference = 55247DE52B8D4FCD0062662C /* FileEncryptorTests.xctest */;
			productType = "com.apple.product-type.bundle.unit-test";
		};
		55247DEE2B8D4FCD0062662C /* FileEncryptorUITests */ = {
			isa = PBXNativeTarget;
			buildConfigurationList = 55247DFF2B8D4FCD0062662C /* Build configuration list for PBXNativeTarget "FileEncryptorUITests" */;
			buildPhases = (
				55247DEB2B8D4FCD0062662C /* Sources */,
				55247DEC2B8D4FCD0062662C /* Frameworks */,
				55247DED2B8D4FCD0062662C /* Resources */,
			);
			buildRules = (
			);
			dependencies = (
				55247DF12B8D4FCD0062662C /* PBXTargetDependency */,
			);
			name = FileEncryptorUITests;
			productName = FileEncryptorUITests;
			productReference = 55247DEF2B8D4FCD0062662C /* FileEncryptorUITests.xctest */;
			productType = "com.apple.product-type.bundle.ui-testing";
		};
/* End PBXNativeTarget section */

/* Begin PBXProject section */
		55247DCC2B8D4FCC0062662C /* Project object */ = {
			isa = PBXProject;
			attributes = {
				BuildIndependentTargetsInParallel = 1;
				LastSwiftUpdateCheck = 1520;
				LastUpgradeCheck = 1520;
				TargetAttributes = {
					55247DD32B8D4FCC0062662C = {
						CreatedOnToolsVersion = 15.2;
					};
					55247DE42B8D4FCD0062662C = {
						CreatedOnToolsVersion = 15.2;
						TestTargetID = 55247DD32B8D4FCC0062662C;
					};
					55247DEE2B8D4FCD0062662C = {
						CreatedOnToolsVersion = 15.2;
						TestTargetID = 55247DD32B8D4FCC0062662C;
					};
				};
			};
			buildConfigurationList = 55247DCF2B8D4FCC0062662C /* Build configuration list for PBXProject "FileEncryptor" */;
			compatibilityVersion = "Xcode 14.0";
			developmentRegion = en;
			hasScannedForEncodings = 0;
			knownRegions = (
				en,
				Base,
			);
			mainGroup = 55247DCB2B8D4FCC0062662C;
			productRefGroup = 55247DD52B8D4FCC0062662C /* Products */;
			projectDirPath = "";
			projectRoot = "";
			targets = (
				55247DD32B8D4FCC0062662C /* FileEncryptor */,
				55247DE42B8D4FCD0062662C /* FileEncryptorTests */,
				55247DEE2B8D4FCD0062662C /* FileEncryptorUITests */,
			);
		};
/* End PBXProject section */

/* Begin PBXResourcesBuildPhase section */
		55247DD22B8D4FCC0062662C /* Resources */ = {
			isa = PBXResourcesBuildPhase;
			buildActionMask = 2147483647;
			files = (
				55247DDC2B8D4FCD0062662C /* Assets.xcassets in Resources */,
				55247DDF2B8D4FCD0062662C /* Main.storyboard in Resources */,
			);
			runOnlyForDeploymentPostprocessing = 0;
		};
		55247DE32B8D4FCD0062662C /* Resources */ = {
			isa = PBXResourcesBuildPhase;
			buildActionMask = 2147483647;
			files = (
			);
			runOnlyForDeploymentPostprocessing = 0;
		};
		55247DED2B8D4FCD0062662C /* Resources */ = {
			isa = PBXResourcesBuildPhase;
			buildActionMask = 2147483647;
			files = (
			);
			runOnlyForDeploymentPostprocessing = 0;
		};
/* End PBXResourcesBuildPhase section */

/* Begin PBXSourcesBuildPhase section */
		55247DD02B8D4FCC0062662C /* Sources */ = {
			isa = PBXSourcesBuildPhase;
			buildActionMask = 2147483647;
			files = (
				55247DDA2B8D4FCC0062662C /* ViewController.swift in Sources */,
				55247DD82B8D4FCC0062662C /* AppDelegate.swift in Sources */,
			);
			runOnlyForDeploymentPostprocessing = 0;
		};
		55247DE12B8D4FCD0062662C /* Sources */ = {
			isa = PBXSourcesBuildPhase;
			buildActionMask = 2147483647;
			files = (
				55247DEA2B8D4FCD0062662C /* FileEncryptorTests.swift in Sources */,
			);
			runOnlyForDeploymentPostprocessing = 0;
		};
		55247DEB2B8D4FCD0062662C /* Sources */ = {
			isa = PBXSourcesBuildPhase;
			buildActionMask = 2147483647;
			files = (
				55247DF42B8D4FCD0062662C /* FileEncryptorUITests.swift in Sources */,
				55247DF62B8D4FCD0062662C /* FileEncryptorUITestsLaunchTests.swift in Sources */,
			);
			runOnlyForDeploymentPostprocessing = 0;
		};
/* End PBXSourcesBuildPhase section */

/* Begin PBXTargetDependency section */
		55247DE72B8D4FCD0062662C /* PBXTargetDependency */ = {
			isa = PBXTargetDependency;
			target = 55247DD32B8D4FCC0062662C /* FileEncryptor */;
			targetProxy = 55247DE62B8D4FCD0062662C /* PBXContainerItemProxy */;
		};
		55247DF12B8D4FCD0062662C /* PBXTargetDependency */ = {
			isa = PBXTargetDependency;
			target = 55247DD32B8D4FCC0062662C /* FileEncryptor */;
			targetProxy = 55247DF02B8D4FCD0062662C /* PBXContainerItemProxy */;
		};
/* End PBXTargetDependency section */

/* Begin PBXVariantGroup section */
		55247DDD2B8D4FCD0062662C /* Main.storyboard */ = {
			isa = PBXVariantGroup;
			children = (
				55247DDE2B8D4FCD0062662C /* Base */,
			);
			name = Main.storyboard;
			sourceTree = "<group>";
		};
/* End PBXVariantGroup section */

/* Begin XCBuildConfiguration section */
		55247DF72B8D4FCD0062662C /* Debug */ = {
			isa = XCBuildConfiguration;
			buildSettings = {
				ALWAYS_SEARCH_USER_PATHS = NO;
				ASSETCATALOG_COMPILER_GENERATE_SWIFT_ASSET_SYMBOL_EXTENSIONS = YES;
				CLANG_ANALYZER_NONNULL = YES;
				CLANG_ANALYZER_NUMBER_OBJECT_CONVERSION = YES_AGGRESSIVE;
				CLANG_CXX_LANGUAGE_STANDARD = "gnu++20";
				CLANG_ENABLE_MODULES = YES;
				CLANG_ENABLE_OBJC_ARC = YES;
				CLANG_ENABLE_OBJC_WEAK = YES;
				CLANG_WARN_BLOCK_CAPTURE_AUTORELEASING = YES;
				CLANG_WARN_BOOL_CONVERSION = YES;
				CLANG_WARN_COMMA = YES;
				CLANG_WARN_CONSTANT_CONVERSION = YES;
				CLANG_WARN_DEPRECATED_OBJC_IMPLEMENTATIONS = YES;
				CLANG_WARN_DIRECT_OBJC_ISA_USAGE = YES_ERROR;
				CLANG_WARN_DOCUMENTATION_COMMENTS = YES;
				CLANG_WARN_EMPTY_BODY = YES;
				CLANG_WARN_ENUM_CONVERSION = YES;
				CLANG_WARN_INFINITE_RECURSION = YES;
				CLANG_WARN_INT_CONVERSION = YES;
				CLANG_WARN_NON_LITERAL_NULL_CONVERSION = YES;
				CLANG_WARN_OBJC_IMPLICIT_RETAIN_SELF = YES;
				CLANG_WARN_OBJC_LITERAL_CONVERSION = YES;
				CLANG_WARN_OBJC_ROOT_CLASS = YES_ERROR;
				CLANG_WARN_QUOTED_INCLUDE_IN_FRAMEWORK_HEADER = YES;
				CLANG_WARN_RANGE_LOOP_ANALYSIS = YES;
				CLANG_WARN_STRICT_PROTOTYPES = YES;
				CLANG_WARN_SUSPICIOUS_MOVE = YES;
				CLANG_WARN_UNGUARDED_AVAILABILITY = YES_AGGRESSIVE;
				CLANG_WARN_UNREACHABLE_CODE = YES;
				CLANG_WARN__DUPLICATE_METHOD_MATCH = YES;
				COPY_PHASE_STRIP = NO;
				DEBUG_INFORMATION_FORMAT = dwarf;
				ENABLE_STRICT_OBJC_MSGSEND = YES;
				ENABLE_TESTABILITY = YES;
				ENABLE_USER_SCRIPT_SANDBOXING = YES;
				GCC_C_LANGUAGE_STANDARD = gnu17;
				GCC_DYNAMIC_NO_PIC = NO;
				GCC_NO_COMMON_BLOCKS = YES;
				GCC_OPTIMIZATION_LEVEL = 0;
				GCC_PREPROCESSOR_DEFINITIONS = (
					"DEBUG=1",
					"$(inherited)",
				);
				GCC_WARN_64_TO_32_BIT_CONVERSION = YES;
				GCC_WARN_ABOUT_RETURN_TYPE = YES_ERROR;
				GCC_WARN_UNDECLARED_SELECTOR = YES;
				GCC_WARN_UNINITIALIZED_AUTOS = YES_AGGRESSIVE;
				GCC_WARN_UNUSED_FUNCTION = YES;
				GCC_WARN_UNUSED_VARIABLE = YES;
				LOCALIZATION_PREFERS_STRING_CATALOGS = YES;
				MACOSX_DEPLOYMENT_TARGET = 14.2;
				MTL_ENABLE_DEBUG_INFO = INCLUDE_SOURCE;
				MTL_FAST_MATH = YES;
				ONLY_ACTIVE_ARCH = YES;
				SDKROOT = macosx;
				SWIFT_ACTIVE_COMPILATION_CONDITIONS = "DEBUG $(inherited)";
				SWIFT_OPTIMIZATION_LEVEL = "-Onone";
			};
			name = Debug;
		};
		55247DF82B8D4FCD0062662C /* Release */ = {
			isa = XCBuildConfiguration;
			buildSettings = {
				ALWAYS_SEARCH_USER_PATHS = NO;
				ASSETCATALOG_COMPILER_GENERATE_SWIFT_ASSET_SYMBOL_EXTENSIONS = YES;
				CLANG_ANALYZER_NONNULL = YES;
				CLANG_ANALYZER_NUMBER_OBJECT_CONVERSION = YES_AGGRESSIVE;
				CLANG_CXX_LANGUAGE_STANDARD = "gnu++20";
				CLANG_ENABLE_MODULES = YES;
				CLANG_ENABLE_OBJC_ARC = YES;
				CLANG_ENABLE_OBJC_WEAK = YES;
				CLANG_WARN_BLOCK_CAPTURE_AUTORELEASING = YES;
				CLANG_WARN_BOOL_CONVERSION = YES;
				CLANG_WARN_COMMA = YES;
				CLANG_WARN_CONSTANT_CONVERSION = YES;
				CLANG_WARN_DEPRECATED_OBJC_IMPLEMENTATIONS = YES;
				CLANG_WARN_DIRECT_OBJC_ISA_USAGE = YES_ERROR;
				CLANG_WARN_DOCUMENTATION_COMMENTS = YES;
				CLANG_WARN_EMPTY_BODY = YES;
				CLANG_WARN_ENUM_CONVERSION = YES;
				CLANG_WARN_INFINITE_RECURSION = YES;
				CLANG_WARN_INT_CONVERSION = YES;
				CLANG_WARN_NON_LITERAL_NULL_CONVERSION = YES;
				CLANG_WARN_OBJC_IMPLICIT_RETAIN_SELF = YES;
				CLANG_WARN_OBJC_LITERAL_CONVERSION = YES;
				CLANG_WARN_OBJC_ROOT_CLASS = YES_ERROR;
				CLANG_WARN_QUOTED_INCLUDE_IN_FRAMEWORK_HEADER = YES;
				CLANG_WARN_RANGE_LOOP_ANALYSIS = YES;
				CLANG_WARN_STRICT_PROTOTYPES = YES;
				CLANG_WARN_SUSPICIOUS_MOVE = YES;
				CLANG_WARN_UNGUARDED_AVAILABILITY = YES_AGGRESSIVE;
				CLANG_WARN_UNREACHABLE_CODE = YES;
				CLANG_WARN__DUPLICATE_METHOD_MATCH = YES;
				COPY_PHASE_STRIP = NO;
				DEBUG_INFORMATION_FORMAT = "dwarf-with-dsym";
				ENABLE_NS_ASSERTIONS = NO;
				ENABLE_STRICT_OBJC_MSGSEND = YES;
				ENABLE_USER_SCRIPT_SANDBOXING = YES;
				GCC_C_LANGUAGE_STANDARD = gnu17;
				GCC_NO_COMMON_BLOCKS = YES;
				GCC_WARN_64_TO_32_BIT_CONVERSION = YES;
				GCC_WARN_ABOUT_RETURN_TYPE = YES_ERROR;
				GCC_WARN_UNDECLARED_SELECTOR = YES;
				GCC_WARN_UNINITIALIZED_AUTOS = YES_AGGRESSIVE;
				GCC_WARN_UNUSED_FUNCTION = YES;
				GCC_WARN_UNUSED_VARIABLE = YES;
				LOCALIZATION_PREFERS_STRING_CATALOGS = YES;
				MACOSX_DEPLOYMENT_TARGET = 14.2;
				MTL_ENABLE_DEBUG_INFO = NO;
				MTL_FAST_MATH = YES;
				SDKROOT = macosx;
				SWIFT_COMPILATION_MODE = wholemodule;
			};
			name = Release;
		};
		55247DFA2B8D4FCD0062662C /* Debug */ = {
			isa = XCBuildConfiguration;
			buildSettings = {
				ASSETCATALOG_COMPILER_APPICON_NAME = AppIcon;
				ASSETCATALOG_COMPILER_GLOBAL_ACCENT_COLOR_NAME = AccentColor;
				CODE_SIGN_ENTITLEMENTS = FileEncryptor/FileEncryptor.entitlements;
				CODE_SIGN_STYLE = Automatic;
				COMBINE_HIDPI_IMAGES = YES;
				CURRENT_PROJECT_VERSION = 1;
				DEVELOPMENT_TEAM = 8RMR29VKMR;
				ENABLE_HARDENED_RUNTIME = YES;
				GENERATE_INFOPLIST_FILE = YES;
				INFOPLIST_KEY_NSHumanReadableCopyright = "";
				INFOPLIST_KEY_NSMainStoryboardFile = Main;
				INFOPLIST_KEY_NSPrincipalClass = NSApplication;
				LD_RUNPATH_SEARCH_PATHS = (
					"$(inherited)",
					"@executable_path/../Frameworks",
				);
				MARKETING_VERSION = 1.0;
				PRODUCT_BUNDLE_IDENTIFIER = com.BrZahar.FileEncryptor;
				PRODUCT_NAME = "$(TARGET_NAME)";
				SWIFT_EMIT_LOC_STRINGS = YES;
				SWIFT_VERSION = 5.0;
			};
			name = Debug;
		};
		55247DFB2B8D4FCD0062662C /* Release */ = {
			isa = XCBuildConfiguration;
			buildSettings = {
				ASSETCATALOG_COMPILER_APPICON_NAME = AppIcon;
				ASSETCATALOG_COMPILER_GLOBAL_ACCENT_COLOR_NAME = AccentColor;
				CODE_SIGN_ENTITLEMENTS = FileEncryptor/FileEncryptor.entitlements;
				CODE_SIGN_STYLE = Automatic;
				COMBINE_HIDPI_IMAGES = YES;
				CURRENT_PROJECT_VERSION = 1;
				DEVELOPMENT_TEAM = 8RMR29VKMR;
				ENABLE_HARDENED_RUNTIME = YES;
				GENERATE_INFOPLIST_FILE = YES;
				INFOPLIST_KEY_NSHumanReadableCopyright = "";
				INFOPLIST_KEY_NSMainStoryboardFile = Main;
				INFOPLIST_KEY_NSPrincipalClass = NSApplication;
				LD_RUNPATH_SEARCH_PATHS = (
					"$(inherited)",
					"@executable_path/../Frameworks",
				);
				MARKETING_VERSION = 1.0;
				PRODUCT_BUNDLE_IDENTIFIER = com.BrZahar.FileEncryptor;
				PRODUCT_NAME = "$(TARGET_NAME)";
				SWIFT_EMIT_LOC_STRINGS = YES;
				SWIFT_VERSION = 5.0;
			};
			name = Release;
		};
		55247DFD2B8D4FCD0062662C /* Debug */ = {
			isa = XCBuildConfiguration;
			buildSettings = {
				ALWAYS_EMBED_SWIFT_STANDARD_LIBRARIES = YES;
				BUNDLE_LOADER = "$(TEST_HOST)";
				CODE_SIGN_STYLE = Automatic;
				CURRENT_PROJECT_VERSION = 1;
				DEVELOPMENT_TEAM = 8RMR29VKMR;
				GENERATE_INFOPLIST_FILE = YES;
				MACOSX_DEPLOYMENT_TARGET = 14.2;
				MARKETING_VERSION = 1.0;
				PRODUCT_BUNDLE_IDENTIFIER = com.BrZahar.FileEncryptorTests;
				PRODUCT_NAME = "$(TARGET_NAME)";
				SWIFT_EMIT_LOC_STRINGS = NO;
				SWIFT_VERSION = 5.0;
				TEST_HOST = "$(BUILT_PRODUCTS_DIR)/FileEncryptor.app/$(BUNDLE_EXECUTABLE_FOLDER_PATH)/FileEncryptor";
			};
			name = Debug;
		};
		55247DFE2B8D4FCD0062662C /* Release */ = {
			isa = XCBuildConfiguration;
			buildSettings = {
				ALWAYS_EMBED_SWIFT_STANDARD_LIBRARIES = YES;
				BUNDLE_LOADER = "$(TEST_HOST)";
				CODE_SIGN_STYLE = Automatic;
				CURRENT_PROJECT_VERSION = 1;
				DEVELOPMENT_TEAM = 8RMR29VKMR;
				GENERATE_INFOPLIST_FILE = YES;
				MACOSX_DEPLOYMENT_TARGET = 14.2;
				MARKETING_VERSION = 1.0;
				PRODUCT_BUNDLE_IDENTIFIER = com.BrZahar.FileEncryptorTests;
				PRODUCT_NAME = "$(TARGET_NAME)";
				SWIFT_EMIT_LOC_STRINGS = NO;
				SWIFT_VERSION = 5.0;
				TEST_HOST = "$(BUILT_PRODUCTS_DIR)/FileEncryptor.app/$(BUNDLE_EXECUTABLE_FOLDER_PATH)/FileEncryptor";
			};
			name = Release;
		};
		55247E002B8D4FCD0062662C /* Debug */ = {
			isa = XCBuildConfiguration;
			buildSettings = {
				ALWAYS_EMBED_SWIFT_STANDARD_LIBRARIES = YES;
				CODE_SIGN_STYLE = Automatic;
				CURRENT_PROJECT_VERSION = 1;
				DEVELOPMENT_TEAM = 8RMR29VKMR;
				GENERATE_INFOPLIST_FILE = YES;
				MARKETING_VERSION = 1.0;
				PRODUCT_BUNDLE_IDENTIFIER = com.BrZahar.FileEncryptorUITests;
				PRODUCT_NAME = "$(TARGET_NAME)";
				SWIFT_EMIT_LOC_STRINGS = NO;
				SWIFT_VERSION = 5.0;
				TEST_TARGET_NAME = FileEncryptor;
			};
			name = Debug;
		};
		55247E012B8D4FCD0062662C /* Release */ = {
			isa = XCBuildConfiguration;
			buildSettings = {
				ALWAYS_EMBED_SWIFT_STANDARD_LIBRARIES = YES;
				CODE_SIGN_STYLE = Automatic;
				CURRENT_PROJECT_VERSION = 1;
				DEVELOPMENT_TEAM = 8RMR29VKMR;
				GENERATE_INFOPLIST_FILE = YES;
				MARKETING_VERSION = 1.0;
				PRODUCT_BUNDLE_IDENTIFIER = com.BrZahar.FileEncryptorUITests;
				PRODUCT_NAME = "$(TARGET_NAME)";
				SWIFT_EMIT_LOC_STRINGS = NO;
				SWIFT_VERSION = 5.0;
				TEST_TARGET_NAME = FileEncryptor;
			};
			name = Release;
		};
/* End XCBuildConfiguration section */

/* Begin XCConfigurationList section */
		55247DCF2B8D4FCC0062662C /* Build configuration list for PBXProject "FileEncryptor" */ = {
			isa = XCConfigurationList;
			buildConfigurations = (
				55247DF72B8D4FCD0062662C /* Debug */,
				55247DF82B8D4FCD0062662C /* Release */,
			);
			defaultConfigurationIsVisible = 0;
			defaultConfigurationName = Release;
		};
		55247DF92B8D4FCD0062662C /* Build configuration list for PBXNativeTarget "FileEncryptor" */ = {
			isa = XCConfigurationList;
			buildConfigurations = (
				55247DFA2B8D4FCD0062662C /* Debug */,
				55247DFB2B8D4FCD0062662C /* Release */,
			);
			defaultConfigurationIsVisible = 0;
			defaultConfigurationName = Release;
		};
		55247DFC2B8D4FCD0062662C /* Build configuration list for PBXNativeTarget "FileEncryptorTests" */ = {
			isa = XCConfigurationList;
			buildConfigurations = (
				55247DFD2B8D4FCD0062662C /* Debug */,
				55247DFE2B8D4FCD0062662C /* Release */,
			);
			defaultConfigurationIsVisible = 0;
			defaultConfigurationName = Release;
		};
		55247DFF2B8D4FCD0062662C /* Build configuration list for PBXNativeTarget "FileEncryptorUITests" */ = {
			isa = XCConfigurationList;
			buildConfigurations = (
				55247E002B8D4FCD0062662C /* Debug */,
				55247E012B8D4FCD0062662C /* Release */,
			);
			defaultConfigurationIsVisible = 0;
			defaultConfigurationName = Release;
		};
/* End XCConfigurationList section */
	};
	rootObject = 55247DCC2B8D4FCC0062662C /* Project object */;
}
